
Microsoft Visual Studio Solution File, Format Version 12.00
# Visual Studio Version 17
VisualStudioVersion = 17.3.32811.315
MinimumVisualStudioVersion = 10.0.40219.1
Project("{8BC9CEB8-8B4A-11D0-8D11-00A0C91BC942}") = "ExecuteFromRam", "ExecuteFromRam\ExecuteFromRam.vcxproj", "{720894A6-6E2D-4157-9079-2BC17493F73E}"
EndProject
Project("{9A19103F-16F7-4668-BE54-9A1E7A4F7556}") = "MyAppDomainManager", "MyAppDomainManager\MyAppDomainManager.csproj", "{C76B51E6-F394-448B-A168-5C6F072A03FF}"
EndProject
Project("{FAE04EC0-301F-11D3-BF4B-00C04F79EFBC}") = "TestConsole", "TestConsole\TestConsole.csproj", "{7B868441-AE48-40C8-B9B5-F45F933EE2D9}"
EndProject
Project("{FAE04EC0-301F-11D3-BF4B-00C04F79EFBC}") = "TestWpf", "TestWpf\TestWpf.csproj", "{2DC1914D-AD43-4E94-8469-77EE0BD68EA8}"
EndProject
Global
	GlobalSection(SolutionConfigurationPlatforms) = preSolution
		Debug|Any CPU = Debug|Any CPU
		Debug|x64 = Debug|x64
		Debug|x86 = Debug|x86
		Release|Any CPU = Release|Any CPU
		Release|x64 = Release|x64
		Release|x86 = Release|x86
	EndGlobalSection
	GlobalSection(ProjectConfigurationPlatforms) = postSolution
		{720894A6-6E2D-4157-9079-2BC17493F73E}.Debug|Any CPU.ActiveCfg = Debug|x64
		{720894A6-6E2D-4157-9079-2BC17493F73E}.Debug|Any CPU.Build.0 = Debug|x64
		{720894A6-6E2D-4157-9079-2BC17493F73E}.Debug|x64.ActiveCfg = Debug|x64
		{720894A6-6E2D-4157-9079-2BC17493F73E}.Debug|x64.Build.0 = Debug|x64
		{720894A6-6E2D-4157-9079-2BC17493F73E}.Debug|x86.ActiveCfg = Debug|Win32
		{720894A6-6E2D-4157-9079-2BC17493F73E}.Debug|x86.Build.0 = Debug|Win32
		{720894A6-6E2D-4157-9079-2BC17493F73E}.Release|Any CPU.ActiveCfg = Release|x64
		{720894A6-6E2D-4157-9079-2BC17493F73E}.Release|Any CPU.Build.0 = Release|x64
		{720894A6-6E2D-4157-9079-2BC17493F73E}.Release|x64.ActiveCfg = Release|x64
		{720894A6-6E2D-4157-9079-2BC17493F73E}.Release|x64.Build.0 = Release|x64
		{720894A6-6E2D-4157-9079-2BC17493F73E}.Release|x86.ActiveCfg = Release|Win32
		{720894A6-6E2D-4157-9079-2BC17493F73E}.Release|x86.Build.0 = Release|Win32
		{C76B51E6-F394-448B-A168-5C6F072A03FF}.Debug|Any CPU.ActiveCfg = Debug|Any CPU
		{C76B51E6-F394-448B-A168-5C6F072A03FF}.Debug|Any CPU.Build.0 = Debug|Any CPU
		{C76B51E6-F394-448B-A168-5C6F072A03FF}.Debug|x64.ActiveCfg = Debug|Any CPU
		{C76B51E6-F394-448B-A168-5C6F072A03FF}.Debug|x64.Build.0 = Debug|Any CPU
		{C76B51E6-F394-448B-A168-5C6F072A03FF}.Debug|x86.ActiveCfg = Debug|Any CPU
		{C76B51E6-F394-448B-A168-5C6F072A03FF}.Debug|x86.Build.0 = Debug|Any CPU
		{C76B51E6-F394-448B-A168-5C6F072A03FF}.Release|Any CPU.ActiveCfg = Release|Any CPU
		{C76B51E6-F394-448B-A168-5C6F072A03FF}.Release|Any CPU.Build.0 = Release|Any CPU
		{C76B51E6-F394-448B-A168-5C6F072A03FF}.Release|x64.ActiveCfg = Release|Any CPU
		{C76B51E6-F394-448B-A168-5C6F072A03FF}.Release|x64.Build.0 = Release|Any CPU
		{C76B51E6-F394-448B-A168-5C6F072A03FF}.Release|x86.ActiveCfg = Release|Any CPU
		{C76B51E6-F394-448B-A168-5C6F072A03FF}.Release|x86.Build.0 = Release|Any CPU
		{7B868441-AE48-40C8-B9B5-F45F933EE2D9}.Debug|Any CPU.ActiveCfg = Debug|Any CPU
		{7B868441-AE48-40C8-B9B5-F45F933EE2D9}.Debug|Any CPU.Build.0 = Debug|Any CPU
		{7B868441-AE48-40C8-B9B5-F45F933EE2D9}.Debug|x64.ActiveCfg = Debug|Any CPU
		{7B868441-AE48-40C8-B9B5-F45F933EE2D9}.Debug|x64.Build.0 = Debug|Any CPU
		{7B868441-AE48-40C8-B9B5-F45F933EE2D9}.Debug|x86.ActiveCfg = Debug|Any CPU
		{7B868441-AE48-40C8-B9B5-F45F933EE2D9}.Debug|x86.Build.0 = Debug|Any CPU
		{7B868441-AE48-40C8-B9B5-F45F933EE2D9}.Release|Any CPU.ActiveCfg = Release|Any CPU
		{7B868441-AE48-40C8-B9B5-F45F933EE2D9}.Release|Any CPU.Build.0 = Release|Any CPU
		{7B868441-AE48-40C8-B9B5-F45F933EE2D9}.Release|x64.ActiveCfg = Release|Any CPU
		{7B868441-AE48-40C8-B9B5-F45F933EE2D9}.Release|x64.Build.0 = Release|Any CPU
		{7B868441-AE48-40C8-B9B5-F45F933EE2D9}.Release|x86.ActiveCfg = Release|Any CPU
		{7B868441-AE48-40C8-B9B5-F45F933EE2D9}.Release|x86.Build.0 = Release|Any CPU
		{2DC1914D-AD43-4E94-8469-77EE0BD68EA8}.Debug|Any CPU.ActiveCfg = Debug|Any CPU
		{2DC1914D-AD43-4E94-8469-77EE0BD68EA8}.Debug|Any CPU.Build.0 = Debug|Any CPU
		{2DC1914D-AD43-4E94-8469-77EE0BD68EA8}.Debug|x64.ActiveCfg = Debug|Any CPU
		{2DC1914D-AD43-4E94-8469-77EE0BD68EA8}.Debug|x64.Build.0 = Debug|Any CPU
		{2DC1914D-AD43-4E94-8469-77EE0BD68EA8}.Debug|x86.ActiveCfg = Debug|Any CPU
		{2DC1914D-AD43-4E94-8469-77EE0BD68EA8}.Debug|x86.Build.0 = Debug|Any CPU
		{2DC1914D-AD43-4E94-8469-77EE0BD68EA8}.Release|Any CPU.ActiveCfg = Release|Any CPU
		{2DC1914D-AD43-4E94-8469-77EE0BD68EA8}.Release|Any CPU.Build.0 = Release|Any CPU
		{2DC1914D-AD43-4E94-8469-77EE0BD68EA8}.Release|x64.ActiveCfg = Release|Any CPU
		{2DC1914D-AD43-4E94-8469-77EE0BD68EA8}.Release|x64.Build.0 = Release|Any CPU
		{2DC1914D-AD43-4E94-8469-77EE0BD68EA8}.Release|x86.ActiveCfg = Release|Any CPU
		{2DC1914D-AD43-4E94-8469-77EE0BD68EA8}.Release|x86.Build.0 = Release|Any CPU
	EndGlobalSection
	GlobalSection(SolutionProperties) = preSolution
		HideSolutionNode = FALSE
	EndGlobalSection
	GlobalSection(ExtensibilityGlobals) = postSolution
		SolutionGuid = {50C977EF-A37A-4D7A-B348-000F3777A499}
	EndGlobalSection
EndGlobal
